
Microsoft Visual Studio Solution File, Format Version 12.00
# Visual Studio Version 16
VisualStudioVersion = 16.0.29709.97
MinimumVisualStudioVersion = 10.0.40219.1
Project("{FAE04EC0-301F-11D3-BF4B-00C04F79EFBC}") = "App3.3", "App3.3\App3.3.csproj", "{8A6EB6E4-502E-4429-B4E5-3E3A1123A5A3}"
EndProject
Global
	GlobalSection(SolutionConfigurationPlatforms) = preSolution
		Debug|Any CPU = Debug|Any CPU
		Release|Any CPU = Release|Any CPU
	EndGlobalSection
	GlobalSection(ProjectConfigurationPlatforms) = postSolution
		{8A6EB6E4-502E-4429-B4E5-3E3A1123A5A3}.Debug|Any CPU.ActiveCfg = Debug|Any CPU
		{8A6EB6E4-502E-4429-B4E5-3E3A1123A5A3}.Debug|Any CPU.Build.0 = Debug|Any CPU
		{8A6EB6E4-502E-4429-B4E5-3E3A1123A5A3}.Release|Any CPU.ActiveCfg = Release|Any CPU
		{8A6EB6E4-502E-4429-B4E5-3E3A1123A5A3}.Release|Any CPU.Build.0 = Release|Any CPU
	EndGlobalSection
	GlobalSection(SolutionProperties) = preSolution
		HideSolutionNode = FALSE
	EndGlobalSection
	GlobalSection(ExtensibilityGlobals) = postSolution
		SolutionGuid = {FA182AF1-6419-4A54-A468-4E7A82FC6CAE}
	EndGlobalSection
EndGlobal
